
Microsoft Visual Studio Solution File, Format Version 12.00
# Visual Studio Version 17
VisualStudioVersion = 17.8.34322.80
MinimumVisualStudioVersion = 10.0.40219.1
Project("{FAE04EC0-301F-11D3-BF4B-00C04F79EFBC}") = "ApiFuncional", "ApiFuncional.csproj", "{64ADB5D3-EAA5-4426-ABC7-49F218229F5A}"
EndProject
Global
	GlobalSection(SolutionConfigurationPlatforms) = preSolution
		Debug|Any CPU = Debug|Any CPU
		Release|Any CPU = Release|Any CPU
	EndGlobalSection
	GlobalSection(ProjectConfigurationPlatforms) = postSolution
		{64ADB5D3-EAA5-4426-ABC7-49F218229F5A}.Debug|Any CPU.ActiveCfg = Debug|Any CPU
		{64ADB5D3-EAA5-4426-ABC7-49F218229F5A}.Debug|Any CPU.Build.0 = Debug|Any CPU
		{64ADB5D3-EAA5-4426-ABC7-49F218229F5A}.Release|Any CPU.ActiveCfg = Release|Any CPU
		{64ADB5D3-EAA5-4426-ABC7-49F218229F5A}.Release|Any CPU.Build.0 = Release|Any CPU
	EndGlobalSection
	GlobalSection(SolutionProperties) = preSolution
		HideSolutionNode = FALSE
	EndGlobalSection
	GlobalSection(ExtensibilityGlobals) = postSolution
		SolutionGuid = {C5EC875F-D7C3-4CCF-BFFA-40BE78C79192}
	EndGlobalSection
EndGlobal
